
Microsoft Visual Studio Solution File, Format Version 12.00
# Visual Studio 15
VisualStudioVersion = 15.0.26730.16
MinimumVisualStudioVersion = 10.0.40219.1
Project("{FAE04EC0-301F-11D3-BF4B-00C04F79EFBC}") = "CurrencyLayerApp", "CurrencyLayerApp\CurrencyLayerApp.csproj", "{5D2299B4-4BF0-4BB6-9A29-495EFD577930}"
EndProject
Project("{FAE04EC0-301F-11D3-BF4B-00C04F79EFBC}") = "CurrencyLayerApp.DAL", "CurrencyLayerApp.DAL\CurrencyLayerApp.DAL.csproj", "{AD12953F-6514-4883-8A4B-B80FB8547BFC}"
EndProject
Project("{2150E333-8FDC-42A3-9474-1A3956D46DE8}") = "Solution Items", "Solution Items", "{D99A8449-DFAD-4733-96F6-82EDAA2E76C2}"
	ProjectSection(SolutionItems) = preProject
		README.md = README.md
	EndProjectSection
EndProject
Global
	GlobalSection(SolutionConfigurationPlatforms) = preSolution
		Debug|Any CPU = Debug|Any CPU
		Release|Any CPU = Release|Any CPU
	EndGlobalSection
	GlobalSection(ProjectConfigurationPlatforms) = postSolution
		{5D2299B4-4BF0-4BB6-9A29-495EFD577930}.Debug|Any CPU.ActiveCfg = Debug|Any CPU
		{5D2299B4-4BF0-4BB6-9A29-495EFD577930}.Debug|Any CPU.Build.0 = Debug|Any CPU
		{5D2299B4-4BF0-4BB6-9A29-495EFD577930}.Release|Any CPU.ActiveCfg = Release|Any CPU
		{5D2299B4-4BF0-4BB6-9A29-495EFD577930}.Release|Any CPU.Build.0 = Release|Any CPU
		{AD12953F-6514-4883-8A4B-B80FB8547BFC}.Debug|Any CPU.ActiveCfg = Debug|Any CPU
		{AD12953F-6514-4883-8A4B-B80FB8547BFC}.Debug|Any CPU.Build.0 = Debug|Any CPU
		{AD12953F-6514-4883-8A4B-B80FB8547BFC}.Release|Any CPU.ActiveCfg = Release|Any CPU
		{AD12953F-6514-4883-8A4B-B80FB8547BFC}.Release|Any CPU.Build.0 = Release|Any CPU
	EndGlobalSection
	GlobalSection(SolutionProperties) = preSolution
		HideSolutionNode = FALSE
	EndGlobalSection
	GlobalSection(ExtensibilityGlobals) = postSolution
		SolutionGuid = {7F5C3376-ED8B-4302-96C0-6580E4A26E88}
	EndGlobalSection
EndGlobal
